{
  "version": 4,
  "terraform_version": "1.1.3",
  "serial": 82,
  "lineage": "16068867-f7fd-b55a-27e6-506c7f68227a",
  "outputs": {},
  "resources": [
    {
      "mode": "managed",
      "type": "scaleway_instance_ip",
      "name": "public_ip",
      "provider": "provider[\"registry.terraform.io/scaleway/scaleway\"]",
      "instances": [
        {
          "schema_version": 0,
          "attributes": {
            "address": "51.15.209.133",
            "id": "fr-par-1/d02bd607-0626-4e06-be97-313e12fe420b",
            "organization_id": "72e8d1b0-d312-4b4f-b0b3-982435805410",
            "project_id": "72e8d1b0-d312-4b4f-b0b3-982435805410",
            "reverse": "",
            "server_id": "",
            "timeouts": null,
            "zone": "fr-par-1"
          },
          "sensitive_attributes": [],
          "private": "eyJlMmJmYjczMC1lY2FhLTExZTYtOGY4OC0zNDM2M2JjN2M0YzAiOnsiY3JlYXRlIjo2MDAwMDAwMDAwMCwiZGVmYXVsdCI6NjAwMDAwMDAwMDAsImRlbGV0ZSI6NjAwMDAwMDAwMDAsInJlYWQiOjYwMDAwMDAwMDAwLCJ1cGRhdGUiOjYwMDAwMDAwMDAwfX0="
        }
      ]
    },
    {
      "mode": "managed",
      "type": "scaleway_instance_server",
      "name": "Grafana1",
      "provider": "provider[\"registry.terraform.io/scaleway/scaleway\"]",
      "instances": [
        {
          "schema_version": 0,
          "attributes": {
            "additional_volume_ids": [
              "fr-par-1/9b21d2f6-31ed-45ba-a7b5-118097fa7b04"
            ],
            "boot_type": "local",
            "bootscript_id": "fdfe150f-a870-4ce4-b432-9f56b5b995c1",
            "cloud_init": null,
            "enable_dynamic_ip": false,
            "enable_ipv6": false,
            "id": "fr-par-1/f66e5735-8e22-439a-8e7d-a0bf3c627224",
            "image": "ubuntu_focal",
            "ip_id": "",
            "ipv6_address": "",
            "ipv6_gateway": "",
            "ipv6_prefix_length": 0,
            "name": "Grafana-1",
            "organization_id": "72e8d1b0-d312-4b4f-b0b3-982435805410",
            "placement_group_id": null,
            "placement_group_policy_respected": null,
            "private_ip": "10.66.12.153",
            "private_network": [],
            "project_id": "72e8d1b0-d312-4b4f-b0b3-982435805410",
            "public_ip": "",
            "root_volume": [
              {
                "boot": false,
                "delete_on_termination": true,
                "size_in_gb": 150,
                "volume_id": "fr-par-1/53d165f3-3935-4b00-b896-8354d8eedfe2"
              }
            ],
            "security_group_id": "fr-par-1/02d00028-dd0c-4acc-99c0-afdea14c575b",
            "state": "started",
            "tags": [
              "Grafana",
              "1"
            ],
            "timeouts": null,
            "type": "GP1-XS",
            "user_data": null,
            "zone": "fr-par-1"
          },
          "sensitive_attributes": [],
          "private": "eyJlMmJmYjczMC1lY2FhLTExZTYtOGY4OC0zNDM2M2JjN2M0YzAiOnsiY3JlYXRlIjo2MDAwMDAwMDAwMDAsImRlZmF1bHQiOjYwMDAwMDAwMDAwMCwiZGVsZXRlIjo2MDAwMDAwMDAwMDAsInJlYWQiOjYwMDAwMDAwMDAwMCwidXBkYXRlIjo2MDAwMDAwMDAwMDB9fQ==",
          "dependencies": [
            "scaleway_instance_volume.data"
          ]
        }
      ]
    },
    {
      "mode": "managed",
      "type": "scaleway_instance_server",
      "name": "Grafana2",
      "provider": "provider[\"registry.terraform.io/scaleway/scaleway\"]",
      "instances": [
        {
          "schema_version": 0,
          "attributes": {
            "additional_volume_ids": [
              "fr-par-1/682590bd-dfd1-4c4f-beb1-dc87cc42faf3"
            ],
            "boot_type": "local",
            "bootscript_id": "fdfe150f-a870-4ce4-b432-9f56b5b995c1",
            "cloud_init": null,
            "enable_dynamic_ip": false,
            "enable_ipv6": false,
            "id": "fr-par-1/e9e6989c-fb73-42a2-baf1-e7ddb4e28dae",
            "image": "ubuntu_focal",
            "ip_id": "",
            "ipv6_address": "",
            "ipv6_gateway": "",
            "ipv6_prefix_length": 0,
            "name": "Grafana-2",
            "organization_id": "72e8d1b0-d312-4b4f-b0b3-982435805410",
            "placement_group_id": null,
            "placement_group_policy_respected": null,
            "private_ip": "10.66.246.131",
            "private_network": [],
            "project_id": "72e8d1b0-d312-4b4f-b0b3-982435805410",
            "public_ip": "",
            "root_volume": [
              {
                "boot": false,
                "delete_on_termination": true,
                "size_in_gb": 150,
                "volume_id": "fr-par-1/8ab4495c-33dd-4381-b441-73c131448ab7"
              }
            ],
            "security_group_id": "fr-par-1/02d00028-dd0c-4acc-99c0-afdea14c575b",
            "state": "started",
            "tags": [
              "Grafana",
              "2"
            ],
            "timeouts": null,
            "type": "GP1-XS",
            "user_data": null,
            "zone": "fr-par-1"
          },
          "sensitive_attributes": [],
          "private": "eyJlMmJmYjczMC1lY2FhLTExZTYtOGY4OC0zNDM2M2JjN2M0YzAiOnsiY3JlYXRlIjo2MDAwMDAwMDAwMDAsImRlZmF1bHQiOjYwMDAwMDAwMDAwMCwiZGVsZXRlIjo2MDAwMDAwMDAwMDAsInJlYWQiOjYwMDAwMDAwMDAwMCwidXBkYXRlIjo2MDAwMDAwMDAwMDB9fQ==",
          "dependencies": [
            "scaleway_instance_volume.data2"
          ]
        }
      ]
    },
    {
      "mode": "managed",
      "type": "scaleway_instance_server",
      "name": "web",
      "provider": "provider[\"registry.terraform.io/scaleway/scaleway\"]",
      "instances": [
        {
          "schema_version": 0,
          "attributes": {
            "additional_volume_ids": null,
            "boot_type": "local",
            "bootscript_id": "fdfe150f-a870-4ce4-b432-9f56b5b995c1",
            "cloud_init": null,
            "enable_dynamic_ip": false,
            "enable_ipv6": false,
            "id": "fr-par-1/bfef732c-244f-40c1-a536-e4b8c72fde5d",
            "image": "ubuntu_focal",
            "ip_id": "",
            "ipv6_address": "",
            "ipv6_gateway": "",
            "ipv6_prefix_length": 0,
            "name": "Grafana-3",
            "organization_id": "72e8d1b0-d312-4b4f-b0b3-982435805410",
            "placement_group_id": null,
            "placement_group_policy_respected": null,
            "private_ip": "10.66.233.21",
            "private_network": [],
            "project_id": "72e8d1b0-d312-4b4f-b0b3-982435805410",
            "public_ip": "",
            "root_volume": [
              {
                "boot": false,
                "delete_on_termination": true,
                "size_in_gb": 150,
                "volume_id": "fr-par-1/808aaf7b-a1e9-4611-96f3-7aa78ba09777"
              }
            ],
            "security_group_id": "fr-par-1/02d00028-dd0c-4acc-99c0-afdea14c575b",
            "state": "started",
            "tags": null,
            "timeouts": null,
            "type": "GP1-XS",
            "user_data": {
              "cloud-init": "#cloud-config\napt_update: true\napt_upgrade: true\n\npackages:\n   - grafana\n",
              "foo": "bar"
            },
            "zone": "fr-par-1"
          },
          "sensitive_attributes": [],
          "private": "eyJlMmJmYjczMC1lY2FhLTExZTYtOGY4OC0zNDM2M2JjN2M0YzAiOnsiY3JlYXRlIjo2MDAwMDAwMDAwMDAsImRlZmF1bHQiOjYwMDAwMDAwMDAwMCwiZGVsZXRlIjo2MDAwMDAwMDAwMDAsInJlYWQiOjYwMDAwMDAwMDAwMCwidXBkYXRlIjo2MDAwMDAwMDAwMDB9fQ=="
        }
      ]
    },
    {
      "mode": "managed",
      "type": "scaleway_instance_volume",
      "name": "data",
      "provider": "provider[\"registry.terraform.io/scaleway/scaleway\"]",
      "instances": [
        {
          "schema_version": 0,
          "attributes": {
            "from_snapshot_id": null,
            "from_volume_id": null,
            "id": "fr-par-1/9b21d2f6-31ed-45ba-a7b5-118097fa7b04",
            "name": "tf-vol-romantic-wescoff",
            "organization_id": "72e8d1b0-d312-4b4f-b0b3-982435805410",
            "project_id": "72e8d1b0-d312-4b4f-b0b3-982435805410",
            "server_id": "",
            "size_in_gb": 20,
            "timeouts": null,
            "type": "b_ssd",
            "zone": "fr-par-1"
          },
          "sensitive_attributes": [],
          "private": "eyJlMmJmYjczMC1lY2FhLTExZTYtOGY4OC0zNDM2M2JjN2M0YzAiOnsiY3JlYXRlIjo2MDAwMDAwMDAwMDAsImRlZmF1bHQiOjYwMDAwMDAwMDAwMCwiZGVsZXRlIjo2MDAwMDAwMDAwMDAsInJlYWQiOjYwMDAwMDAwMDAwMCwidXBkYXRlIjo2MDAwMDAwMDAwMDB9fQ=="
        }
      ]
    },
    {
      "mode": "managed",
      "type": "scaleway_instance_volume",
      "name": "data2",
      "provider": "provider[\"registry.terraform.io/scaleway/scaleway\"]",
      "instances": [
        {
          "schema_version": 0,
          "attributes": {
            "from_snapshot_id": null,
            "from_volume_id": null,
            "id": "fr-par-1/682590bd-dfd1-4c4f-beb1-dc87cc42faf3",
            "name": "tf-vol-infallible-heisenberg",
            "organization_id": "72e8d1b0-d312-4b4f-b0b3-982435805410",
            "project_id": "72e8d1b0-d312-4b4f-b0b3-982435805410",
            "server_id": "",
            "size_in_gb": 20,
            "timeouts": null,
            "type": "b_ssd",
            "zone": "fr-par-1"
          },
          "sensitive_attributes": [],
          "private": "eyJlMmJmYjczMC1lY2FhLTExZTYtOGY4OC0zNDM2M2JjN2M0YzAiOnsiY3JlYXRlIjo2MDAwMDAwMDAwMDAsImRlZmF1bHQiOjYwMDAwMDAwMDAwMCwiZGVsZXRlIjo2MDAwMDAwMDAwMDAsInJlYWQiOjYwMDAwMDAwMDAwMCwidXBkYXRlIjo2MDAwMDAwMDAwMDB9fQ=="
        }
      ]
    },
    {
      "mode": "managed",
      "type": "scaleway_k8s_cluster",
      "name": "KubeCluster",
      "provider": "provider[\"registry.terraform.io/scaleway/scaleway\"]",
      "instances": [
        {
          "schema_version": 0,
          "attributes": {
            "admission_plugins": null,
            "apiserver_cert_sans": null,
            "apiserver_url": "https://0e75f8d6-1615-43b2-8824-05d65ae559b8.api.k8s.fr-par.scw.cloud:6443",
            "auto_upgrade": [
              {
                "enable": false,
                "maintenance_window_day": "any",
                "maintenance_window_start_hour": 0
              }
            ],
            "autoscaler_config": [
              {
                "balance_similar_node_groups": true,
                "disable_scale_down": false,
                "estimator": "binpacking",
                "expander": "random",
                "expendable_pods_priority_cutoff": -5,
                "ignore_daemonsets_utilization": true,
                "max_graceful_termination_sec": 600,
                "scale_down_delay_after_add": "5m",
                "scale_down_unneeded_time": "10m",
                "scale_down_utilization_threshold": 0.5
              }
            ],
            "cni": "calico",
            "created_at": "2022-01-12T17:58:46Z",
            "delete_additional_resources": false,
            "description": "my awesome cluster",
            "feature_gates": null,
            "id": "fr-par/0e75f8d6-1615-43b2-8824-05d65ae559b8",
            "kubeconfig": [
              {
                "cluster_ca_certificate": "LS0tLS1CRUdJTiBDRVJUSUZJQ0FURS0tLS0tCk1JSUM1ekNDQWMrZ0F3SUJBZ0lCQURBTkJna3Foa2lHOXcwQkFRc0ZBREFWTVJNd0VRWURWUVFERXdwcmRXSmwKY201bGRHVnpNQjRYRFRJeU1ERXhNVEUzTlRnME5sb1hEVE15TURFeE1URTNOVGcwTmxvd0ZURVRNQkVHQTFVRQpBeE1LYTNWaVpYSnVaWFJsY3pDQ0FTSXdEUVlKS29aSWh2Y05BUUVCQlFBRGdnRVBBRENDQVFvQ2dnRUJBTFhRCndwVmVGd0tMelF6Ym4zVmRsU2xSUWZUU0V5KzAwVThKeS96T09RcUtQZVkrWVhkUjZwMDkyUXF0ZmIwNG5hbmkKalo3TDdFZnVmK3lWNTE5VU1hWjBXaWxuYVVjLys2YUxUclVKZjVtTW1pVEZDb3ROUkxnRjVXVjQ3b0d4Y05sRApTZ0dyL0dYR3d2MGt4NUJpeDlFaXB0ZUYzeU5iQ1ZpWWxwMHByRzlTWE94a2I5TWViSUJaTXlQZjB5Nkk1dTl0CnVna3BzZ202N1FFaE1nUmgxeGdHOUlWRHA0cUp5SXplZlc3Nk0wM3FhY3dFN1RvZzJLRVdlN3hLMnMyWXl4QTEKOTAxSDk5c25lUDZ0OURDZHIwYkwxLzBLeStscVhzU0dEZGlaNFE2YWJOOW94ZFVob3A2ZnlFRkozZnJ6d2dqVQpIUFJTRENWdk92RkxUcWd2TXVFQ0F3RUFBYU5DTUVBd0RnWURWUjBQQVFIL0JBUURBZ0trTUE4R0ExVWRFd0VCCi93UUZNQU1CQWY4d0hRWURWUjBPQkJZRUZNUUx4dEVtTzA2bUVBR204R1g5S2Y0Z096NW5NQTBHQ1NxR1NJYjMKRFFFQkN3VUFBNElCQVFBTWZlUUJ6bEdkOEtpOWNmSTBnSlYyQUlGTDFLTFVwb3p3SHJYVlRvMk0yQkxnaGMxRgpzbldyaHo2ckZYL2VVU1VUVHNqM1pkNU1wWVEwWjRzZkR6RUJaa2lhOHpBVDBOVnpvdkIzQ0pTN0wrRUhBem54CkpCb2pRRThFNFlxMzhFYm95YkdVRUd1REljWENqTUMvWWs0c1R4V1dWZk1EMlM0bndYTHR4Wnp0WGJ4WUtiYlEKem0yRFlMV1FFNGphTHdaNCtxeE55bGhCUEs3MWRuY0VPRWNnVVR3UW8vWFVJb2N1RmVGNHFOOWEySnN3cVlIUAplWXFzdkRWU294OFdMaERVekRuNGltSE4vbGRXV1RCV3U0REYyb29yamJmelFXMy9wUURKOHFxL05nN1NsSGtFCnhpUGFVNHFsMVpremdkQlBvbXl4RGZsTnFodGRTbmI5NHRwdgotLS0tLUVORCBDRVJUSUZJQ0FURS0tLS0tCg==",
                "config_file": "apiVersion: v1\nclusters:\n- name: \"kubecluster\"\n  cluster:\n    certificate-authority-data: LS0tLS1CRUdJTiBDRVJUSUZJQ0FURS0tLS0tCk1JSUM1ekNDQWMrZ0F3SUJBZ0lCQURBTkJna3Foa2lHOXcwQkFRc0ZBREFWTVJNd0VRWURWUVFERXdwcmRXSmwKY201bGRHVnpNQjRYRFRJeU1ERXhNVEUzTlRnME5sb1hEVE15TURFeE1URTNOVGcwTmxvd0ZURVRNQkVHQTFVRQpBeE1LYTNWaVpYSnVaWFJsY3pDQ0FTSXdEUVlKS29aSWh2Y05BUUVCQlFBRGdnRVBBRENDQVFvQ2dnRUJBTFhRCndwVmVGd0tMelF6Ym4zVmRsU2xSUWZUU0V5KzAwVThKeS96T09RcUtQZVkrWVhkUjZwMDkyUXF0ZmIwNG5hbmkKalo3TDdFZnVmK3lWNTE5VU1hWjBXaWxuYVVjLys2YUxUclVKZjVtTW1pVEZDb3ROUkxnRjVXVjQ3b0d4Y05sRApTZ0dyL0dYR3d2MGt4NUJpeDlFaXB0ZUYzeU5iQ1ZpWWxwMHByRzlTWE94a2I5TWViSUJaTXlQZjB5Nkk1dTl0CnVna3BzZ202N1FFaE1nUmgxeGdHOUlWRHA0cUp5SXplZlc3Nk0wM3FhY3dFN1RvZzJLRVdlN3hLMnMyWXl4QTEKOTAxSDk5c25lUDZ0OURDZHIwYkwxLzBLeStscVhzU0dEZGlaNFE2YWJOOW94ZFVob3A2ZnlFRkozZnJ6d2dqVQpIUFJTRENWdk92RkxUcWd2TXVFQ0F3RUFBYU5DTUVBd0RnWURWUjBQQVFIL0JBUURBZ0trTUE4R0ExVWRFd0VCCi93UUZNQU1CQWY4d0hRWURWUjBPQkJZRUZNUUx4dEVtTzA2bUVBR204R1g5S2Y0Z096NW5NQTBHQ1NxR1NJYjMKRFFFQkN3VUFBNElCQVFBTWZlUUJ6bEdkOEtpOWNmSTBnSlYyQUlGTDFLTFVwb3p3SHJYVlRvMk0yQkxnaGMxRgpzbldyaHo2ckZYL2VVU1VUVHNqM1pkNU1wWVEwWjRzZkR6RUJaa2lhOHpBVDBOVnpvdkIzQ0pTN0wrRUhBem54CkpCb2pRRThFNFlxMzhFYm95YkdVRUd1REljWENqTUMvWWs0c1R4V1dWZk1EMlM0bndYTHR4Wnp0WGJ4WUtiYlEKem0yRFlMV1FFNGphTHdaNCtxeE55bGhCUEs3MWRuY0VPRWNnVVR3UW8vWFVJb2N1RmVGNHFOOWEySnN3cVlIUAplWXFzdkRWU294OFdMaERVekRuNGltSE4vbGRXV1RCV3U0REYyb29yamJmelFXMy9wUURKOHFxL05nN1NsSGtFCnhpUGFVNHFsMVpremdkQlBvbXl4RGZsTnFodGRTbmI5NHRwdgotLS0tLUVORCBDRVJUSUZJQ0FURS0tLS0tCg==\n    server: https://0e75f8d6-1615-43b2-8824-05d65ae559b8.api.k8s.fr-par.scw.cloud:6443\ncontexts:\n- name: admin@kubecluster\n  context:\n    cluster: \"kubecluster\"\n    user: kubecluster-admin\ncurrent-context: admin@kubecluster\nkind: Config\npreferences: {}\nusers:\n- name: kubecluster-admin\n  user:\n    token: a13Uht0w1Lm4LAUC267Qv4RDFVLwBQrte75vklJrOA0ZG2sHcLoSdFsx",
                "host": "https://0e75f8d6-1615-43b2-8824-05d65ae559b8.api.k8s.fr-par.scw.cloud:6443",
                "token": "a13Uht0w1Lm4LAUC267Qv4RDFVLwBQrte75vklJrOA0ZG2sHcLoSdFsx"
              }
            ],
            "name": "KubeCluster",
            "open_id_connect_config": [
              {
                "client_id": "",
                "groups_claim": [],
                "groups_prefix": "",
                "issuer_url": "",
                "required_claim": [],
                "username_claim": "",
                "username_prefix": ""
              }
            ],
            "organization_id": "72e8d1b0-d312-4b4f-b0b3-982435805410",
            "project_id": "72e8d1b0-d312-4b4f-b0b3-982435805410",
            "region": "fr-par",
            "status": "pool_required",
            "tags": [
              "Cluster Kuber"
            ],
            "timeouts": null,
            "type": "kapsule",
            "updated_at": "2022-01-12T17:58:46Z",
            "upgrade_available": true,
            "version": "1.18.0",
            "wildcard_dns": "*.0e75f8d6-1615-43b2-8824-05d65ae559b8.nodes.k8s.fr-par.scw.cloud"
          },
          "sensitive_attributes": [],
          "private": "eyJlMmJmYjczMC1lY2FhLTExZTYtOGY4OC0zNDM2M2JjN2M0YzAiOnsiY3JlYXRlIjo2MDAwMDAwMDAwMDAsImRlZmF1bHQiOjYwMDAwMDAwMDAwMCwiZGVsZXRlIjo2MDAwMDAwMDAwMDAsInJlYWQiOjYwMDAwMDAwMDAwMCwidXBkYXRlIjo2MDAwMDAwMDAwMDB9fQ=="
        }
      ]
    },
    {
      "mode": "managed",
      "type": "scaleway_k8s_pool",
      "name": "KubeClusterPool",
      "provider": "provider[\"registry.terraform.io/scaleway/scaleway\"]",
      "instances": [
        {
          "schema_version": 0,
          "attributes": {
            "autohealing": true,
            "autoscaling": true,
            "cluster_id": "fr-par/0e75f8d6-1615-43b2-8824-05d65ae559b8",
            "container_runtime": "containerd",
            "created_at": "2022-01-12T17:58:52Z",
            "current_size": 3,
            "id": "fr-par/2d65c2be-44a4-4168-aba6-bc830d222674",
            "kubelet_args": null,
            "max_size": 5,
            "min_size": 1,
            "name": "KubeClusterPool",
            "node_type": "gp1_xs",
            "nodes": [],
            "placement_group_id": null,
            "region": null,
            "size": 3,
            "status": "scaling",
            "tags": null,
            "timeouts": null,
            "updated_at": "2022-01-12T17:58:52Z",
            "upgrade_policy": [
              {
                "max_surge": 0,
                "max_unavailable": 1
              }
            ],
            "version": "1.18.0",
            "wait_for_pool_ready": false,
            "zone": "fr-par-1"
          },
          "sensitive_attributes": [],
          "private": "eyJlMmJmYjczMC1lY2FhLTExZTYtOGY4OC0zNDM2M2JjN2M0YzAiOnsiY3JlYXRlIjo2MDAwMDAwMDAwMDAsImRlZmF1bHQiOjYwMDAwMDAwMDAwMCwiZGVsZXRlIjo2MDAwMDAwMDAwMDAsInJlYWQiOjYwMDAwMDAwMDAwMCwidXBkYXRlIjo2MDAwMDAwMDAwMDB9fQ==",
          "dependencies": [
            "scaleway_k8s_cluster.KubeCluster"
          ]
        }
      ]
    }
  ]
}
